{
  "name": "get_stikers",
  "version": "0.0.1",
  "lockfileVersion": 1,
  "requires": true,
  "dependencies": {
    "@vkontakte/vk-bridge": {
      "version": "2.1.8",
      "resolved": "https://registry.npmjs.org/@vkontakte/vk-bridge/-/vk-bridge-2.1.8.tgz",
      "integrity": "sha512-mPupntwe+Wg4qeM1Q7VOimV4v3fFo+qvtZxACX6l+kDx290vdW7Dxk/ecN8MgXAK4C/7I3QQCmYmQ3aU7dappQ=="
    },
    "@vkontakte/vk-bridge-mock": {
      "version": "2.0.3",
      "resolved": "https://registry.npmjs.org/@vkontakte/vk-bridge-mock/-/vk-bridge-mock-2.0.3.tgz",
      "integrity": "sha512-/RtJV+Iw0CVhw/iT6pHYq9wDeMPbkWAgvYWhd/jg0Ins1mm5zWE13ul+0U0vPPjH/h1WOK4t5SjOOjUUEh8iWw==",
      "requires": {
        "@vkontakte/vk-bridge": "^2.1.2"
      }
    }
  }
}
