{
  "name": "untitled5",
  "version": "0.0.0",
  "lockfileVersion": 1,
  "requires": true,
  "dependencies": {
    "@vkontakte/vk-bridge": {
      "version": "2.1.8",
      "resolved": "https://registry.npmjs.org/@vkontakte/vk-bridge/-/vk-bridge-2.1.8.tgz",
      "integrity": "sha512-mPupntwe+Wg4qeM1Q7VOimV4v3fFo+qvtZxACX6l+kDx290vdW7Dxk/ecN8MgXAK4C/7I3QQCmYmQ3aU7dappQ=="
    }
  }
}
